
Microsoft Visual Studio Solution File, Format Version 12.00
# Visual Studio Version 16
VisualStudioVersion = 16.0.810.21
MinimumVisualStudioVersion = 10.0.40219.1
Project("{FAE04EC0-301F-11D3-BF4B-00C04F79EFBC}") = "csharp_coding_exercises", "csharp_coding_exercises\csharp_coding_exercises.csproj", "{876F9CB4-9500-4431-B3CA-11525DF99A47}"
EndProject
Global
	GlobalSection(SolutionConfigurationPlatforms) = preSolution
		Debug|Any CPU = Debug|Any CPU
		Release|Any CPU = Release|Any CPU
	EndGlobalSection
	GlobalSection(ProjectConfigurationPlatforms) = postSolution
		{876F9CB4-9500-4431-B3CA-11525DF99A47}.Debug|Any CPU.ActiveCfg = Debug|Any CPU
		{876F9CB4-9500-4431-B3CA-11525DF99A47}.Debug|Any CPU.Build.0 = Debug|Any CPU
		{876F9CB4-9500-4431-B3CA-11525DF99A47}.Release|Any CPU.ActiveCfg = Release|Any CPU
		{876F9CB4-9500-4431-B3CA-11525DF99A47}.Release|Any CPU.Build.0 = Release|Any CPU
	EndGlobalSection
	GlobalSection(SolutionProperties) = preSolution
		HideSolutionNode = FALSE
	EndGlobalSection
	GlobalSection(ExtensibilityGlobals) = postSolution
		SolutionGuid = {ABAE690D-88D6-4D83-9823-FEAFBDD762A7}
	EndGlobalSection
EndGlobal
