
Microsoft Visual Studio Solution File, Format Version 12.00
# Visual Studio Version 16
VisualStudioVersion = 25.0.1700.0
MinimumVisualStudioVersion = 10.0.40219.1
Project("{FAE04EC0-301F-11D3-BF4B-00C04F79EFBC}") = "Exercises.Tests", "Exercises.Tests.csproj", "{3D4C418D-908D-4A38-A8E9-E1F37CABE98D}"
EndProject
Global
	GlobalSection(SolutionConfigurationPlatforms) = preSolution
		Debug|Any CPU = Debug|Any CPU
		Release|Any CPU = Release|Any CPU
	EndGlobalSection
	GlobalSection(ProjectConfigurationPlatforms) = postSolution
		{3D4C418D-908D-4A38-A8E9-E1F37CABE98D}.Debug|Any CPU.ActiveCfg = Debug|Any CPU
		{3D4C418D-908D-4A38-A8E9-E1F37CABE98D}.Debug|Any CPU.Build.0 = Debug|Any CPU
		{3D4C418D-908D-4A38-A8E9-E1F37CABE98D}.Release|Any CPU.ActiveCfg = Release|Any CPU
		{3D4C418D-908D-4A38-A8E9-E1F37CABE98D}.Release|Any CPU.Build.0 = Release|Any CPU
	EndGlobalSection
	GlobalSection(SolutionProperties) = preSolution
		HideSolutionNode = FALSE
	EndGlobalSection
	GlobalSection(ExtensibilityGlobals) = postSolution
		SolutionGuid = {52D3B724-38B6-4746-8899-907C37217BA4}
	EndGlobalSection
EndGlobal
